
Microsoft Visual Studio Solution File, Format Version 12.00
# Visual Studio Version 17
VisualStudioVersion = 17.0.31903.59
MinimumVisualStudioVersion = 10.0.40219.1
Project("{FAE04EC0-301F-11D3-BF4B-00C04F79EFBC}") = "WebApi_Mongo_Docker", "WebApi_Mongo_Docker\WebApi_Mongo_Docker.csproj", "{F401DDAC-9686-4F82-B126-302AEA7BC08B}"
EndProject
Project("{FAE04EC0-301F-11D3-BF4B-00C04F79EFBC}") = "WebApi_Mongo_Docker_MediatR", "WebApi_Mongo_Docker_MediatR\WebApi_Mongo_Docker_MediatR.csproj", "{1981BA61-0ACD-4D37-AF83-E8DB23EED481}"
EndProject
Project("{FAE04EC0-301F-11D3-BF4B-00C04F79EFBC}") = "WebApi_Postgres_Docker_GraphQL", "WebApi_Postgres_Docker_GraphQL\WebApi_Postgres_Docker_GraphQL.csproj", "{0FC0E859-EAD7-4463-9F91-604182D6CF49}"
EndProject
Global
	GlobalSection(SolutionConfigurationPlatforms) = preSolution
		Debug|Any CPU = Debug|Any CPU
		Release|Any CPU = Release|Any CPU
	EndGlobalSection
	GlobalSection(SolutionProperties) = preSolution
		HideSolutionNode = FALSE
	EndGlobalSection
	GlobalSection(ProjectConfigurationPlatforms) = postSolution
		{F401DDAC-9686-4F82-B126-302AEA7BC08B}.Debug|Any CPU.ActiveCfg = Debug|Any CPU
		{F401DDAC-9686-4F82-B126-302AEA7BC08B}.Debug|Any CPU.Build.0 = Debug|Any CPU
		{F401DDAC-9686-4F82-B126-302AEA7BC08B}.Release|Any CPU.ActiveCfg = Release|Any CPU
		{F401DDAC-9686-4F82-B126-302AEA7BC08B}.Release|Any CPU.Build.0 = Release|Any CPU
		{1981BA61-0ACD-4D37-AF83-E8DB23EED481}.Debug|Any CPU.ActiveCfg = Debug|Any CPU
		{1981BA61-0ACD-4D37-AF83-E8DB23EED481}.Debug|Any CPU.Build.0 = Debug|Any CPU
		{1981BA61-0ACD-4D37-AF83-E8DB23EED481}.Release|Any CPU.ActiveCfg = Release|Any CPU
		{1981BA61-0ACD-4D37-AF83-E8DB23EED481}.Release|Any CPU.Build.0 = Release|Any CPU
		{0FC0E859-EAD7-4463-9F91-604182D6CF49}.Debug|Any CPU.ActiveCfg = Debug|Any CPU
		{0FC0E859-EAD7-4463-9F91-604182D6CF49}.Debug|Any CPU.Build.0 = Debug|Any CPU
		{0FC0E859-EAD7-4463-9F91-604182D6CF49}.Release|Any CPU.ActiveCfg = Release|Any CPU
		{0FC0E859-EAD7-4463-9F91-604182D6CF49}.Release|Any CPU.Build.0 = Release|Any CPU
	EndGlobalSection
EndGlobal
